
Microsoft Visual Studio Solution File, Format Version 12.00
# Visual Studio Version 17
VisualStudioVersion = 17.6.33712.159
MinimumVisualStudioVersion = 10.0.40219.1
Project("{FAE04EC0-301F-11D3-BF4B-00C04F79EFBC}") = "Compendium.API", "Compendium.API\Compendium.API.csproj", "{8534F5C2-3A2F-4147-BA1E-1528BFC51A11}"
EndProject
Project("{FAE04EC0-301F-11D3-BF4B-00C04F79EFBC}") = "Compendium.RemoteKeycard", "Compendium.RemoteKeycard\Compendium.RemoteKeycard.csproj", "{1C000B08-D998-469C-B8D7-51AD17E86B26}"
EndProject
Global
	GlobalSection(SolutionConfigurationPlatforms) = preSolution
		Debug|Any CPU = Debug|Any CPU
		Release|Any CPU = Release|Any CPU
	EndGlobalSection
	GlobalSection(ProjectConfigurationPlatforms) = postSolution
		{8534F5C2-3A2F-4147-BA1E-1528BFC51A11}.Debug|Any CPU.ActiveCfg = Debug|Any CPU
		{8534F5C2-3A2F-4147-BA1E-1528BFC51A11}.Debug|Any CPU.Build.0 = Debug|Any CPU
		{8534F5C2-3A2F-4147-BA1E-1528BFC51A11}.Release|Any CPU.ActiveCfg = Release|Any CPU
		{8534F5C2-3A2F-4147-BA1E-1528BFC51A11}.Release|Any CPU.Build.0 = Release|Any CPU
		{1C000B08-D998-469C-B8D7-51AD17E86B26}.Debug|Any CPU.ActiveCfg = Debug|Any CPU
		{1C000B08-D998-469C-B8D7-51AD17E86B26}.Debug|Any CPU.Build.0 = Debug|Any CPU
		{1C000B08-D998-469C-B8D7-51AD17E86B26}.Release|Any CPU.ActiveCfg = Release|Any CPU
		{1C000B08-D998-469C-B8D7-51AD17E86B26}.Release|Any CPU.Build.0 = Release|Any CPU
	EndGlobalSection
	GlobalSection(SolutionProperties) = preSolution
		HideSolutionNode = FALSE
	EndGlobalSection
	GlobalSection(ExtensibilityGlobals) = postSolution
		SolutionGuid = {49E4ECD6-05BE-485C-AFC9-3CB303FE4C75}
	EndGlobalSection
EndGlobal
