
Microsoft Visual Studio Solution File, Format Version 12.00
# Visual Studio Version 17
VisualStudioVersion = 17.6.33712.159
MinimumVisualStudioVersion = 10.0.40219.1
Project("{FAE04EC0-301F-11D3-BF4B-00C04F79EFBC}") = "Compendium.API", "Compendium.API\Compendium.API.csproj", "{8534F5C2-3A2F-4147-BA1E-1528BFC51A11}"
EndProject
Project("{FAE04EC0-301F-11D3-BF4B-00C04F79EFBC}") = "Compendium.RemoteKeycard", "Compendium.RemoteKeycard\Compendium.RemoteKeycard.csproj", "{1C000B08-D998-469C-B8D7-51AD17E86B26}"
EndProject
Project("{FAE04EC0-301F-11D3-BF4B-00C04F79EFBC}") = "Compendium.PersistentOverwatch", "Compendium.PersistentOverwatch\Compendium.PersistentOverwatch.csproj", "{967DF325-F318-489F-A47C-5BAEAF9BA67D}"
EndProject
Project("{FAE04EC0-301F-11D3-BF4B-00C04F79EFBC}") = "Compendium.BetterTesla", "Compendium.BetterTesla\Compendium.BetterTesla.csproj", "{04A1E688-73BB-424C-B250-6D4824075797}"
EndProject
Project("{FAE04EC0-301F-11D3-BF4B-00C04F79EFBC}") = "Compendium.Input", "Compendium.Input\Compendium.Input.csproj", "{247BC521-6A57-478E-BB87-FC290622FB64}"
EndProject
Project("{FAE04EC0-301F-11D3-BF4B-00C04F79EFBC}") = "Compendium.Fixes", "Compendium.Fixes\Compendium.Fixes.csproj", "{46F11357-9211-4255-9E42-600A66C3005F}"
EndProject
Project("{FAE04EC0-301F-11D3-BF4B-00C04F79EFBC}") = "Compendium.Gameplay", "Compendium.Gameplay\Compendium.Gameplay.csproj", "{A9280466-BCD9-4D29-8A24-5E631C2069D4}"
EndProject
Project("{FAE04EC0-301F-11D3-BF4B-00C04F79EFBC}") = "Compendium.Staff", "Compendium.Staff\Compendium.Staff.csproj", "{61811136-90E3-4839-9576-25CF03CD324E}"
EndProject
Project("{FAE04EC0-301F-11D3-BF4B-00C04F79EFBC}") = "Compendium.ServerGuard", "Compendium.ServerGuard\Compendium.ServerGuard.csproj", "{A142A86A-5DDF-4210-9B1E-C4A0EAD5726A}"
EndProject
Project("{FAE04EC0-301F-11D3-BF4B-00C04F79EFBC}") = "Compendium.Loadouts", "Compendium.Loadouts\Compendium.Loadouts.csproj", "{7A040F37-29F7-4ECF-8786-2BCEA04AB9F0}"
EndProject
Global
	GlobalSection(SolutionConfigurationPlatforms) = preSolution
		Debug|Any CPU = Debug|Any CPU
		Release|Any CPU = Release|Any CPU
	EndGlobalSection
	GlobalSection(ProjectConfigurationPlatforms) = postSolution
		{8534F5C2-3A2F-4147-BA1E-1528BFC51A11}.Debug|Any CPU.ActiveCfg = Debug|Any CPU
		{8534F5C2-3A2F-4147-BA1E-1528BFC51A11}.Debug|Any CPU.Build.0 = Debug|Any CPU
		{8534F5C2-3A2F-4147-BA1E-1528BFC51A11}.Release|Any CPU.ActiveCfg = Release|Any CPU
		{8534F5C2-3A2F-4147-BA1E-1528BFC51A11}.Release|Any CPU.Build.0 = Release|Any CPU
		{1C000B08-D998-469C-B8D7-51AD17E86B26}.Debug|Any CPU.ActiveCfg = Debug|Any CPU
		{1C000B08-D998-469C-B8D7-51AD17E86B26}.Debug|Any CPU.Build.0 = Debug|Any CPU
		{1C000B08-D998-469C-B8D7-51AD17E86B26}.Release|Any CPU.ActiveCfg = Release|Any CPU
		{1C000B08-D998-469C-B8D7-51AD17E86B26}.Release|Any CPU.Build.0 = Release|Any CPU
		{967DF325-F318-489F-A47C-5BAEAF9BA67D}.Debug|Any CPU.ActiveCfg = Debug|Any CPU
		{967DF325-F318-489F-A47C-5BAEAF9BA67D}.Debug|Any CPU.Build.0 = Debug|Any CPU
		{967DF325-F318-489F-A47C-5BAEAF9BA67D}.Release|Any CPU.ActiveCfg = Release|Any CPU
		{967DF325-F318-489F-A47C-5BAEAF9BA67D}.Release|Any CPU.Build.0 = Release|Any CPU
		{04A1E688-73BB-424C-B250-6D4824075797}.Debug|Any CPU.ActiveCfg = Debug|Any CPU
		{04A1E688-73BB-424C-B250-6D4824075797}.Debug|Any CPU.Build.0 = Debug|Any CPU
		{04A1E688-73BB-424C-B250-6D4824075797}.Release|Any CPU.ActiveCfg = Release|Any CPU
		{04A1E688-73BB-424C-B250-6D4824075797}.Release|Any CPU.Build.0 = Release|Any CPU
		{247BC521-6A57-478E-BB87-FC290622FB64}.Debug|Any CPU.ActiveCfg = Debug|Any CPU
		{247BC521-6A57-478E-BB87-FC290622FB64}.Debug|Any CPU.Build.0 = Debug|Any CPU
		{247BC521-6A57-478E-BB87-FC290622FB64}.Release|Any CPU.ActiveCfg = Release|Any CPU
		{247BC521-6A57-478E-BB87-FC290622FB64}.Release|Any CPU.Build.0 = Release|Any CPU
		{46F11357-9211-4255-9E42-600A66C3005F}.Debug|Any CPU.ActiveCfg = Debug|Any CPU
		{46F11357-9211-4255-9E42-600A66C3005F}.Debug|Any CPU.Build.0 = Debug|Any CPU
		{46F11357-9211-4255-9E42-600A66C3005F}.Release|Any CPU.ActiveCfg = Release|Any CPU
		{46F11357-9211-4255-9E42-600A66C3005F}.Release|Any CPU.Build.0 = Release|Any CPU
		{A9280466-BCD9-4D29-8A24-5E631C2069D4}.Debug|Any CPU.ActiveCfg = Debug|Any CPU
		{A9280466-BCD9-4D29-8A24-5E631C2069D4}.Debug|Any CPU.Build.0 = Debug|Any CPU
		{A9280466-BCD9-4D29-8A24-5E631C2069D4}.Release|Any CPU.ActiveCfg = Release|Any CPU
		{A9280466-BCD9-4D29-8A24-5E631C2069D4}.Release|Any CPU.Build.0 = Release|Any CPU
		{61811136-90E3-4839-9576-25CF03CD324E}.Debug|Any CPU.ActiveCfg = Debug|Any CPU
		{61811136-90E3-4839-9576-25CF03CD324E}.Debug|Any CPU.Build.0 = Debug|Any CPU
		{61811136-90E3-4839-9576-25CF03CD324E}.Release|Any CPU.ActiveCfg = Release|Any CPU
		{61811136-90E3-4839-9576-25CF03CD324E}.Release|Any CPU.Build.0 = Release|Any CPU
		{A142A86A-5DDF-4210-9B1E-C4A0EAD5726A}.Debug|Any CPU.ActiveCfg = Debug|Any CPU
		{A142A86A-5DDF-4210-9B1E-C4A0EAD5726A}.Debug|Any CPU.Build.0 = Debug|Any CPU
		{A142A86A-5DDF-4210-9B1E-C4A0EAD5726A}.Release|Any CPU.ActiveCfg = Release|Any CPU
		{A142A86A-5DDF-4210-9B1E-C4A0EAD5726A}.Release|Any CPU.Build.0 = Release|Any CPU
		{7A040F37-29F7-4ECF-8786-2BCEA04AB9F0}.Debug|Any CPU.ActiveCfg = Debug|Any CPU
		{7A040F37-29F7-4ECF-8786-2BCEA04AB9F0}.Debug|Any CPU.Build.0 = Debug|Any CPU
		{7A040F37-29F7-4ECF-8786-2BCEA04AB9F0}.Release|Any CPU.ActiveCfg = Release|Any CPU
		{7A040F37-29F7-4ECF-8786-2BCEA04AB9F0}.Release|Any CPU.Build.0 = Release|Any CPU
	EndGlobalSection
	GlobalSection(SolutionProperties) = preSolution
		HideSolutionNode = FALSE
	EndGlobalSection
	GlobalSection(ExtensibilityGlobals) = postSolution
		SolutionGuid = {49E4ECD6-05BE-485C-AFC9-3CB303FE4C75}
	EndGlobalSection
EndGlobal
